
Microsoft Visual Studio Solution File, Format Version 12.00
# Visual Studio Version 17
VisualStudioVersion = 17.10.34928.147
MinimumVisualStudioVersion = 10.0.40219.1
Project("{FAE04EC0-301F-11D3-BF4B-00C04F79EFBC}") = "INDZ1", "INDZ1\INDZ1.csproj", "{CBE7CC33-CA06-4E1B-AFA5-3556A77DC8C5}"
EndProject
Global
	GlobalSection(SolutionConfigurationPlatforms) = preSolution
		Debug|Any CPU = Debug|Any CPU
		Release|Any CPU = Release|Any CPU
	EndGlobalSection
	GlobalSection(ProjectConfigurationPlatforms) = postSolution
		{CBE7CC33-CA06-4E1B-AFA5-3556A77DC8C5}.Debug|Any CPU.ActiveCfg = Debug|Any CPU
		{CBE7CC33-CA06-4E1B-AFA5-3556A77DC8C5}.Debug|Any CPU.Build.0 = Debug|Any CPU
		{CBE7CC33-CA06-4E1B-AFA5-3556A77DC8C5}.Release|Any CPU.ActiveCfg = Release|Any CPU
		{CBE7CC33-CA06-4E1B-AFA5-3556A77DC8C5}.Release|Any CPU.Build.0 = Release|Any CPU
	EndGlobalSection
	GlobalSection(SolutionProperties) = preSolution
		HideSolutionNode = FALSE
	EndGlobalSection
	GlobalSection(ExtensibilityGlobals) = postSolution
		SolutionGuid = {FCFDDB8A-B625-458B-B068-0E500650D5E4}
	EndGlobalSection
EndGlobal
