
Microsoft Visual Studio Solution File, Format Version 12.00
# Visual Studio Version 17
VisualStudioVersion = 17.10.34928.147
MinimumVisualStudioVersion = 10.0.40219.1
Project("{FAE04EC0-301F-11D3-BF4B-00C04F79EFBC}") = "INZ3", "INZ3\INZ3.csproj", "{BF99A417-A825-4A93-9E6A-8DC06EB0ABB1}"
EndProject
Global
	GlobalSection(SolutionConfigurationPlatforms) = preSolution
		Debug|Any CPU = Debug|Any CPU
		Release|Any CPU = Release|Any CPU
	EndGlobalSection
	GlobalSection(ProjectConfigurationPlatforms) = postSolution
		{BF99A417-A825-4A93-9E6A-8DC06EB0ABB1}.Debug|Any CPU.ActiveCfg = Debug|Any CPU
		{BF99A417-A825-4A93-9E6A-8DC06EB0ABB1}.Debug|Any CPU.Build.0 = Debug|Any CPU
		{BF99A417-A825-4A93-9E6A-8DC06EB0ABB1}.Release|Any CPU.ActiveCfg = Release|Any CPU
		{BF99A417-A825-4A93-9E6A-8DC06EB0ABB1}.Release|Any CPU.Build.0 = Release|Any CPU
	EndGlobalSection
	GlobalSection(SolutionProperties) = preSolution
		HideSolutionNode = FALSE
	EndGlobalSection
	GlobalSection(ExtensibilityGlobals) = postSolution
		SolutionGuid = {BDCAA0B6-86DB-4EB0-B9F3-F60E7134DB03}
	EndGlobalSection
EndGlobal
